# This file is automatically @generated by Poetry 1.5.4 and should not be changed by hand.

[[package]]
name = "pyfiglet"
version = "1.0.2"
description = "Pure-python FIGlet implementation"
optional = false
python-versions = ">=3.9"
files = [
    {file = "pyfiglet-1.0.2-py3-none-any.whl", hash = "sha256:889b351d79c99e50a3f619c8f8e6ffdb27fd8c939fc43ecbd7559bd57d5f93ea"},
    {file = "pyfiglet-1.0.2.tar.gz", hash = "sha256:758788018ab8faaddc0984e1ea05ff330d3c64be663c513cc1f105f6a3066dab"},
]

[[package]]
name = "split"
version = "0.4"
description = "Functions to split or partition sequences."
optional = false
python-versions = "*"
files = [
    {file = "split-0.4.zip", hash = "sha256:c4be970a857d605d94999da18779bc10c34a34f937dede983268de3877b81faa"},
]

[metadata]
lock-version = "2.0"
python-versions = ">=3.10.0,<3.11"
content-hash = "4dd649bc4689dcad3987f1e2a7928c16c011b7b2aa542e24d7160003b243936d"
